{
  "version": 4,
  "terraform_version": "1.5.2",
  "serial": 14,
  "lineage": "11f73f66-a326-47c7-ac76-8b0f24873049",
  "outputs": {},
  "resources": [
    {
      "mode": "managed",
      "type": "google_project_iam_member",
      "name": "devsecops_sa_owner_binding",
      "provider": "provider[\"registry.terraform.io/hashicorp/google\"]",
      "instances": [
        {
          "schema_version": 0,
          "attributes": {
            "condition": [],
            "etag": "BwYTfPDUs1M=",
            "id": "essential-rig-415518/roles/editor/serviceAccount:devsecops-service-account@essential-rig-415518.iam.gserviceaccount.com",
            "member": "serviceAccount:devsecops-service-account@essential-rig-415518.iam.gserviceaccount.com",
            "project": "essential-rig-415518",
            "role": "roles/editor"
          },
          "sensitive_attributes": [],
          "private": "bnVsbA==",
          "dependencies": [
            "google_service_account.devsecops_service_account"
          ]
        }
      ]
    },
    {
      "mode": "managed",
      "type": "google_service_account",
      "name": "devsecops_service_account",
      "provider": "provider[\"registry.terraform.io/hashicorp/google\"]",
      "instances": [
        {
          "schema_version": 0,
          "attributes": {
            "account_id": "devsecops-service-account",
            "create_ignore_already_exists": null,
            "description": "",
            "disabled": false,
            "display_name": "devsecops-service-account",
            "email": "devsecops-service-account@essential-rig-415518.iam.gserviceaccount.com",
            "id": "projects/essential-rig-415518/serviceAccounts/devsecops-service-account@essential-rig-415518.iam.gserviceaccount.com",
            "member": "serviceAccount:devsecops-service-account@essential-rig-415518.iam.gserviceaccount.com",
            "name": "projects/essential-rig-415518/serviceAccounts/devsecops-service-account@essential-rig-415518.iam.gserviceaccount.com",
            "project": "essential-rig-415518",
            "timeouts": null,
            "unique_id": "112302054068976818855"
          },
          "sensitive_attributes": [],
          "private": "eyJlMmJmYjczMC1lY2FhLTExZTYtOGY4OC0zNDM2M2JjN2M0YzAiOnsiY3JlYXRlIjozMDAwMDAwMDAwMDB9fQ=="
        }
      ]
    }
  ],
  "check_results": null
}
